
Microsoft Visual Studio Solution File, Format Version 12.00
# Visual Studio Version 16
VisualStudioVersion = 16.0.32126.315
MinimumVisualStudioVersion = 10.0.40219.1
Project("{FAE04EC0-301F-11D3-BF4B-00C04F79EFBC}") = "PrøveEksamenRESTAPI", "PrøveEksamenRESTAPI\PrøveEksamenRESTAPI.csproj", "{67BDE9F3-C161-4566-B45E-8BC58F2CB6E6}"
EndProject
Project("{FAE04EC0-301F-11D3-BF4B-00C04F79EFBC}") = "PrøveEksamenRESTAPITests", "PrøveEksamenRESTAPITests\PrøveEksamenRESTAPITests.csproj", "{C04787D6-A20D-449B-9C7D-2D7050C5090A}"
EndProject
Global
	GlobalSection(SolutionConfigurationPlatforms) = preSolution
		Debug|Any CPU = Debug|Any CPU
		Release|Any CPU = Release|Any CPU
	EndGlobalSection
	GlobalSection(ProjectConfigurationPlatforms) = postSolution
		{67BDE9F3-C161-4566-B45E-8BC58F2CB6E6}.Debug|Any CPU.ActiveCfg = Debug|Any CPU
		{67BDE9F3-C161-4566-B45E-8BC58F2CB6E6}.Debug|Any CPU.Build.0 = Debug|Any CPU
		{67BDE9F3-C161-4566-B45E-8BC58F2CB6E6}.Release|Any CPU.ActiveCfg = Release|Any CPU
		{67BDE9F3-C161-4566-B45E-8BC58F2CB6E6}.Release|Any CPU.Build.0 = Release|Any CPU
		{C04787D6-A20D-449B-9C7D-2D7050C5090A}.Debug|Any CPU.ActiveCfg = Debug|Any CPU
		{C04787D6-A20D-449B-9C7D-2D7050C5090A}.Debug|Any CPU.Build.0 = Debug|Any CPU
		{C04787D6-A20D-449B-9C7D-2D7050C5090A}.Release|Any CPU.ActiveCfg = Release|Any CPU
		{C04787D6-A20D-449B-9C7D-2D7050C5090A}.Release|Any CPU.Build.0 = Release|Any CPU
	EndGlobalSection
	GlobalSection(SolutionProperties) = preSolution
		HideSolutionNode = FALSE
	EndGlobalSection
	GlobalSection(ExtensibilityGlobals) = postSolution
		SolutionGuid = {CE885C8A-DE16-4BF7-8C43-03AF8759828A}
	EndGlobalSection
EndGlobal
